
Microsoft Visual Studio Solution File, Format Version 12.00
# Visual Studio Version 17
VisualStudioVersion = 17.0.31903.59
MinimumVisualStudioVersion = 10.0.40219.1
Project("{2150E333-8FDC-42A3-9474-1A3956D46DE8}") = "src", "src", "{B47EAD09-BC7D-4582-94A6-455770C9652C}"
EndProject
Project("{FAE04EC0-301F-11D3-BF4B-00C04F79EFBC}") = "VoiceStudio.Core", "src\VoiceStudio.Core\VoiceStudio.Core.csproj", "{7D23DB05-9762-4837-A227-BE09490E8405}"
EndProject
Project("{FAE04EC0-301F-11D3-BF4B-00C04F79EFBC}") = "VoiceStudio.App", "src\VoiceStudio.App\VoiceStudio.App.csproj", "{B9415A72-5F2E-4B8B-8635-B90D017B9AA8}"
EndProject
Project("{FAE04EC0-301F-11D3-BF4B-00C04F79EFBC}") = "VoiceStudio.App.Tests", "src\VoiceStudio.App.Tests\VoiceStudio.App.Tests.csproj", "{9767AB0E-5D70-48B5-8641-233E7F762F9E}"
EndProject
Project("{FAE04EC0-301F-11D3-BF4B-00C04F79EFBC}") = "VoiceStudio.Common.UI", "src\VoiceStudio.Common.UI\VoiceStudio.Common.UI.csproj", "{E4DF9903-D7A1-456D-B5B4-4B4772116DA2}"
EndProject
Project("{FAE04EC0-301F-11D3-BF4B-00C04F79EFBC}") = "VoiceStudio.Module.Analysis", "src\VoiceStudio.Module.Analysis\VoiceStudio.Module.Analysis.csproj", "{062FFD44-68CE-4B76-A391-FFEF591C0B14}"
EndProject
Project("{FAE04EC0-301F-11D3-BF4B-00C04F79EFBC}") = "VoiceStudio.Module.Media", "src\VoiceStudio.Module.Media\VoiceStudio.Module.Media.csproj", "{DCE8C43F-2E35-4B20-B5AB-D09BA65802D0}"
EndProject
Project("{FAE04EC0-301F-11D3-BF4B-00C04F79EFBC}") = "VoiceStudio.Module.Voice", "src\VoiceStudio.Module.Voice\VoiceStudio.Module.Voice.csproj", "{4196F641-9107-47B2-8CBF-19A677FC92A9}"
EndProject
Project("{FAE04EC0-301F-11D3-BF4B-00C04F79EFBC}") = "VoiceStudio.Module.Workflow", "src\VoiceStudio.Module.Workflow\VoiceStudio.Module.Workflow.csproj", "{A54297E6-7600-449B-BF99-8B9BD66D8210}"
EndProject
Project("{FAE04EC0-301F-11D3-BF4B-00C04F79EFBC}") = "VoiceStudio.App.UITests", "src\VoiceStudio.App.UITests\VoiceStudio.App.UITests.csproj", "{F62757B3-1697-4EE6-B4E5-FC906EDD302A}"
EndProject
Global
	GlobalSection(SolutionConfigurationPlatforms) = preSolution
		Debug|Any CPU = Debug|Any CPU
		Debug|x64 = Debug|x64
		Release|Any CPU = Release|Any CPU
		Release|x64 = Release|x64
	EndGlobalSection
	GlobalSection(SolutionProperties) = preSolution
		HideSolutionNode = FALSE
	EndGlobalSection
	GlobalSection(ProjectConfigurationPlatforms) = postSolution
		{7D23DB05-9762-4837-A227-BE09490E8405}.Debug|Any CPU.ActiveCfg = Debug|Any CPU
		{7D23DB05-9762-4837-A227-BE09490E8405}.Debug|Any CPU.Build.0 = Debug|Any CPU
		{7D23DB05-9762-4837-A227-BE09490E8405}.Debug|x64.ActiveCfg = Debug|Any CPU
		{7D23DB05-9762-4837-A227-BE09490E8405}.Debug|x64.Build.0 = Debug|Any CPU
		{7D23DB05-9762-4837-A227-BE09490E8405}.Release|Any CPU.ActiveCfg = Release|Any CPU
		{7D23DB05-9762-4837-A227-BE09490E8405}.Release|Any CPU.Build.0 = Release|Any CPU
		{7D23DB05-9762-4837-A227-BE09490E8405}.Release|x64.ActiveCfg = Release|Any CPU
		{7D23DB05-9762-4837-A227-BE09490E8405}.Release|x64.Build.0 = Release|Any CPU
		{B9415A72-5F2E-4B8B-8635-B90D017B9AA8}.Debug|Any CPU.ActiveCfg = Debug|x64
		{B9415A72-5F2E-4B8B-8635-B90D017B9AA8}.Debug|Any CPU.Build.0 = Debug|x64
		{B9415A72-5F2E-4B8B-8635-B90D017B9AA8}.Debug|x64.ActiveCfg = Debug|x64
		{B9415A72-5F2E-4B8B-8635-B90D017B9AA8}.Debug|x64.Build.0 = Debug|x64
		{B9415A72-5F2E-4B8B-8635-B90D017B9AA8}.Release|Any CPU.ActiveCfg = Release|x64
		{B9415A72-5F2E-4B8B-8635-B90D017B9AA8}.Release|Any CPU.Build.0 = Release|x64
		{B9415A72-5F2E-4B8B-8635-B90D017B9AA8}.Release|x64.ActiveCfg = Release|x64
		{B9415A72-5F2E-4B8B-8635-B90D017B9AA8}.Release|x64.Build.0 = Release|x64
		{9767AB0E-5D70-48B5-8641-233E7F762F9E}.Debug|Any CPU.ActiveCfg = Debug|x64
		{9767AB0E-5D70-48B5-8641-233E7F762F9E}.Debug|Any CPU.Build.0 = Debug|x64
		{9767AB0E-5D70-48B5-8641-233E7F762F9E}.Debug|x64.ActiveCfg = Debug|x64
		{9767AB0E-5D70-48B5-8641-233E7F762F9E}.Debug|x64.Build.0 = Debug|x64
		{9767AB0E-5D70-48B5-8641-233E7F762F9E}.Release|Any CPU.ActiveCfg = Release|x64
		{9767AB0E-5D70-48B5-8641-233E7F762F9E}.Release|Any CPU.Build.0 = Release|x64
		{9767AB0E-5D70-48B5-8641-233E7F762F9E}.Release|x64.ActiveCfg = Release|x64
		{9767AB0E-5D70-48B5-8641-233E7F762F9E}.Release|x64.Build.0 = Release|x64
		{E4DF9903-D7A1-456D-B5B4-4B4772116DA2}.Debug|Any CPU.ActiveCfg = Debug|x64
		{E4DF9903-D7A1-456D-B5B4-4B4772116DA2}.Debug|Any CPU.Build.0 = Debug|x64
		{E4DF9903-D7A1-456D-B5B4-4B4772116DA2}.Debug|x64.ActiveCfg = Debug|x64
		{E4DF9903-D7A1-456D-B5B4-4B4772116DA2}.Debug|x64.Build.0 = Debug|x64
		{E4DF9903-D7A1-456D-B5B4-4B4772116DA2}.Release|Any CPU.ActiveCfg = Release|x64
		{E4DF9903-D7A1-456D-B5B4-4B4772116DA2}.Release|Any CPU.Build.0 = Release|x64
		{E4DF9903-D7A1-456D-B5B4-4B4772116DA2}.Release|x64.ActiveCfg = Release|x64
		{E4DF9903-D7A1-456D-B5B4-4B4772116DA2}.Release|x64.Build.0 = Release|x64
		{062FFD44-68CE-4B76-A391-FFEF591C0B14}.Debug|Any CPU.ActiveCfg = Debug|x64
		{062FFD44-68CE-4B76-A391-FFEF591C0B14}.Debug|Any CPU.Build.0 = Debug|x64
		{062FFD44-68CE-4B76-A391-FFEF591C0B14}.Debug|x64.ActiveCfg = Debug|x64
		{062FFD44-68CE-4B76-A391-FFEF591C0B14}.Debug|x64.Build.0 = Debug|x64
		{062FFD44-68CE-4B76-A391-FFEF591C0B14}.Release|Any CPU.ActiveCfg = Release|x64
		{062FFD44-68CE-4B76-A391-FFEF591C0B14}.Release|Any CPU.Build.0 = Release|x64
		{062FFD44-68CE-4B76-A391-FFEF591C0B14}.Release|x64.ActiveCfg = Release|x64
		{062FFD44-68CE-4B76-A391-FFEF591C0B14}.Release|x64.Build.0 = Release|x64
		{DCE8C43F-2E35-4B20-B5AB-D09BA65802D0}.Debug|Any CPU.ActiveCfg = Debug|x64
		{DCE8C43F-2E35-4B20-B5AB-D09BA65802D0}.Debug|Any CPU.Build.0 = Debug|x64
		{DCE8C43F-2E35-4B20-B5AB-D09BA65802D0}.Debug|x64.ActiveCfg = Debug|x64
		{DCE8C43F-2E35-4B20-B5AB-D09BA65802D0}.Debug|x64.Build.0 = Debug|x64
		{DCE8C43F-2E35-4B20-B5AB-D09BA65802D0}.Release|Any CPU.ActiveCfg = Release|x64
		{DCE8C43F-2E35-4B20-B5AB-D09BA65802D0}.Release|Any CPU.Build.0 = Release|x64
		{DCE8C43F-2E35-4B20-B5AB-D09BA65802D0}.Release|x64.ActiveCfg = Release|x64
		{DCE8C43F-2E35-4B20-B5AB-D09BA65802D0}.Release|x64.Build.0 = Release|x64
		{4196F641-9107-47B2-8CBF-19A677FC92A9}.Debug|Any CPU.ActiveCfg = Debug|x64
		{4196F641-9107-47B2-8CBF-19A677FC92A9}.Debug|Any CPU.Build.0 = Debug|x64
		{4196F641-9107-47B2-8CBF-19A677FC92A9}.Debug|x64.ActiveCfg = Debug|x64
		{4196F641-9107-47B2-8CBF-19A677FC92A9}.Debug|x64.Build.0 = Debug|x64
		{4196F641-9107-47B2-8CBF-19A677FC92A9}.Release|Any CPU.ActiveCfg = Release|x64
		{4196F641-9107-47B2-8CBF-19A677FC92A9}.Release|Any CPU.Build.0 = Release|x64
		{4196F641-9107-47B2-8CBF-19A677FC92A9}.Release|x64.ActiveCfg = Release|x64
		{4196F641-9107-47B2-8CBF-19A677FC92A9}.Release|x64.Build.0 = Release|x64
		{A54297E6-7600-449B-BF99-8B9BD66D8210}.Debug|Any CPU.ActiveCfg = Debug|x64
		{A54297E6-7600-449B-BF99-8B9BD66D8210}.Debug|Any CPU.Build.0 = Debug|x64
		{A54297E6-7600-449B-BF99-8B9BD66D8210}.Debug|x64.ActiveCfg = Debug|x64
		{A54297E6-7600-449B-BF99-8B9BD66D8210}.Debug|x64.Build.0 = Debug|x64
		{A54297E6-7600-449B-BF99-8B9BD66D8210}.Release|Any CPU.ActiveCfg = Release|x64
		{A54297E6-7600-449B-BF99-8B9BD66D8210}.Release|Any CPU.Build.0 = Release|x64
		{A54297E6-7600-449B-BF99-8B9BD66D8210}.Release|x64.ActiveCfg = Release|x64
		{A54297E6-7600-449B-BF99-8B9BD66D8210}.Release|x64.Build.0 = Release|x64
		{F62757B3-1697-4EE6-B4E5-FC906EDD302A}.Debug|Any CPU.ActiveCfg = Debug|x64
		{F62757B3-1697-4EE6-B4E5-FC906EDD302A}.Debug|Any CPU.Build.0 = Debug|x64
		{F62757B3-1697-4EE6-B4E5-FC906EDD302A}.Debug|x64.ActiveCfg = Debug|x64
		{F62757B3-1697-4EE6-B4E5-FC906EDD302A}.Debug|x64.Build.0 = Debug|x64
		{F62757B3-1697-4EE6-B4E5-FC906EDD302A}.Release|Any CPU.ActiveCfg = Release|x64
		{F62757B3-1697-4EE6-B4E5-FC906EDD302A}.Release|Any CPU.Build.0 = Release|x64
		{F62757B3-1697-4EE6-B4E5-FC906EDD302A}.Release|x64.ActiveCfg = Release|x64
		{F62757B3-1697-4EE6-B4E5-FC906EDD302A}.Release|x64.Build.0 = Release|x64
	EndGlobalSection
	GlobalSection(NestedProjects) = preSolution
		{7D23DB05-9762-4837-A227-BE09490E8405} = {B47EAD09-BC7D-4582-94A6-455770C9652C}
		{B9415A72-5F2E-4B8B-8635-B90D017B9AA8} = {B47EAD09-BC7D-4582-94A6-455770C9652C}
		{9767AB0E-5D70-48B5-8641-233E7F762F9E} = {B47EAD09-BC7D-4582-94A6-455770C9652C}
		{E4DF9903-D7A1-456D-B5B4-4B4772116DA2} = {B47EAD09-BC7D-4582-94A6-455770C9652C}
		{062FFD44-68CE-4B76-A391-FFEF591C0B14} = {B47EAD09-BC7D-4582-94A6-455770C9652C}
		{DCE8C43F-2E35-4B20-B5AB-D09BA65802D0} = {B47EAD09-BC7D-4582-94A6-455770C9652C}
		{4196F641-9107-47B2-8CBF-19A677FC92A9} = {B47EAD09-BC7D-4582-94A6-455770C9652C}
		{A54297E6-7600-449B-BF99-8B9BD66D8210} = {B47EAD09-BC7D-4582-94A6-455770C9652C}
		{F62757B3-1697-4EE6-B4E5-FC906EDD302A} = {B47EAD09-BC7D-4582-94A6-455770C9652C}
	EndGlobalSection
EndGlobal
