
Microsoft Visual Studio Solution File, Format Version 12.00
# Visual Studio Version 17
VisualStudioVersion = 17.0.31903.59
MinimumVisualStudioVersion = 10.0.40219.1
Project("{2150E333-8FDC-42A3-9474-1A3956D46DE8}") = "src", "src", "{B47EAD09-BC7D-4582-94A6-455770C9652C}"
EndProject
Project("{FAE04EC0-301F-11D3-BF4B-00C04F79EFBC}") = "VoiceStudio.Core", "src\VoiceStudio.Core\VoiceStudio.Core.csproj", "{7D23DB05-9762-4837-A227-BE09490E8405}"
EndProject
Project("{FAE04EC0-301F-11D3-BF4B-00C04F79EFBC}") = "VoiceStudio.App", "src\VoiceStudio.App\VoiceStudio.App.csproj", "{B9415A72-5F2E-4B8B-8635-B90D017B9AA8}"
EndProject
Project("{FAE04EC0-301F-11D3-BF4B-00C04F79EFBC}") = "VoiceStudio.App.Tests", "src\VoiceStudio.App.Tests\VoiceStudio.App.Tests.csproj", "{9767AB0E-5D70-48B5-8641-233E7F762F9E}"
EndProject
Global
	GlobalSection(SolutionConfigurationPlatforms) = preSolution
		Debug|Any CPU = Debug|Any CPU
		Debug|x64 = Debug|x64
		Release|Any CPU = Release|Any CPU
		Release|x64 = Release|x64
	EndGlobalSection
	GlobalSection(SolutionProperties) = preSolution
		HideSolutionNode = FALSE
	EndGlobalSection
	GlobalSection(ProjectConfigurationPlatforms) = postSolution
		{7D23DB05-9762-4837-A227-BE09490E8405}.Debug|Any CPU.ActiveCfg = Debug|Any CPU
		{7D23DB05-9762-4837-A227-BE09490E8405}.Debug|Any CPU.Build.0 = Debug|Any CPU
		{7D23DB05-9762-4837-A227-BE09490E8405}.Debug|x64.ActiveCfg = Debug|Any CPU
		{7D23DB05-9762-4837-A227-BE09490E8405}.Debug|x64.Build.0 = Debug|Any CPU
		{7D23DB05-9762-4837-A227-BE09490E8405}.Release|Any CPU.ActiveCfg = Release|Any CPU
		{7D23DB05-9762-4837-A227-BE09490E8405}.Release|Any CPU.Build.0 = Release|Any CPU
		{7D23DB05-9762-4837-A227-BE09490E8405}.Release|x64.ActiveCfg = Release|Any CPU
		{7D23DB05-9762-4837-A227-BE09490E8405}.Release|x64.Build.0 = Release|Any CPU
		{B9415A72-5F2E-4B8B-8635-B90D017B9AA8}.Debug|Any CPU.ActiveCfg = Debug|x64
		{B9415A72-5F2E-4B8B-8635-B90D017B9AA8}.Debug|Any CPU.Build.0 = Debug|x64
		{B9415A72-5F2E-4B8B-8635-B90D017B9AA8}.Debug|x64.ActiveCfg = Debug|x64
		{B9415A72-5F2E-4B8B-8635-B90D017B9AA8}.Debug|x64.Build.0 = Debug|x64
		{B9415A72-5F2E-4B8B-8635-B90D017B9AA8}.Release|Any CPU.ActiveCfg = Release|x64
		{B9415A72-5F2E-4B8B-8635-B90D017B9AA8}.Release|Any CPU.Build.0 = Release|x64
		{B9415A72-5F2E-4B8B-8635-B90D017B9AA8}.Release|x64.ActiveCfg = Release|x64
		{B9415A72-5F2E-4B8B-8635-B90D017B9AA8}.Release|x64.Build.0 = Release|x64
		{9767AB0E-5D70-48B5-8641-233E7F762F9E}.Debug|Any CPU.ActiveCfg = Debug|x64
		{9767AB0E-5D70-48B5-8641-233E7F762F9E}.Debug|Any CPU.Build.0 = Debug|x64
		{9767AB0E-5D70-48B5-8641-233E7F762F9E}.Debug|x64.ActiveCfg = Debug|x64
		{9767AB0E-5D70-48B5-8641-233E7F762F9E}.Debug|x64.Build.0 = Debug|x64
		{9767AB0E-5D70-48B5-8641-233E7F762F9E}.Release|Any CPU.ActiveCfg = Release|x64
		{9767AB0E-5D70-48B5-8641-233E7F762F9E}.Release|Any CPU.Build.0 = Release|x64
		{9767AB0E-5D70-48B5-8641-233E7F762F9E}.Release|x64.ActiveCfg = Release|x64
		{9767AB0E-5D70-48B5-8641-233E7F762F9E}.Release|x64.Build.0 = Release|x64
	EndGlobalSection
	GlobalSection(NestedProjects) = preSolution
		{7D23DB05-9762-4837-A227-BE09490E8405} = {B47EAD09-BC7D-4582-94A6-455770C9652C}
		{B9415A72-5F2E-4B8B-8635-B90D017B9AA8} = {B47EAD09-BC7D-4582-94A6-455770C9652C}
		{9767AB0E-5D70-48B5-8641-233E7F762F9E} = {B47EAD09-BC7D-4582-94A6-455770C9652C}
	EndGlobalSection
EndGlobal
